{
  "nodes": {
    "darwin": {
      "inputs": {
        "nixpkgs": [
          "nixpkgs"
        ]
      },
      "locked": {
        "lastModified": 1681154394,
        "narHash": "sha256-avnu1K9AuouygBiwVKuDp6emiTET43az3rcpv0ctLjc=",
        "owner": "lnl7",
        "repo": "nix-darwin",
        "rev": "025912529dd0b31dead95519e944ea05f1ad56f2",
        "type": "github"
      },
      "original": {
        "owner": "lnl7",
        "ref": "master",
        "repo": "nix-darwin",
        "type": "github"
      }
    },
    "home-manager": {
      "inputs": {
        "nixpkgs": [
          "nixpkgs"
        ]
      },
      "locked": {
        "lastModified": 1681688069,
        "narHash": "sha256-1w6zBfwxwMbyewUyqzSnZs8nwNqj6ZBVcP0rkCueyIo=",
        "owner": "nix-community",
        "repo": "home-manager",
        "rev": "68eaf4b577cfa8024fb910a1ce7d60385044f798",
        "type": "github"
      },
      "original": {
        "owner": "nix-community",
        "repo": "home-manager",
        "type": "github"
      }
    },
    "nixpkgs": {
      "locked": {
        "lastModified": 1681662962,
        "narHash": "sha256-OWnJXsfdM0q+vGrRC1YSAFb0oIXbrnNwCRofdglP9Fw=",
        "owner": "NixOS",
        "repo": "nixpkgs",
        "rev": "b605a205390e53e18c03329ab3dba489970c1e0a",
        "type": "github"
      },
      "original": {
        "owner": "NixOS",
        "ref": "nixpkgs-unstable",
        "repo": "nixpkgs",
        "type": "github"
      }
    },
    "nur": {
      "locked": {
        "lastModified": 1681698585,
        "narHash": "sha256-o85gDkGLDV6cT3J9pEbuWDq2yrfiCaLqN+LHThTQius=",
        "owner": "nix-community",
        "repo": "NUR",
        "rev": "995a36492f5d961da385b42ef8cf13c58bde9f32",
        "type": "github"
      },
      "original": {
        "owner": "nix-community",
        "repo": "NUR",
        "type": "github"
      }
    },
    "root": {
      "inputs": {
        "darwin": "darwin",
        "home-manager": "home-manager",
        "nixpkgs": "nixpkgs",
        "nur": "nur"
      }
    }
  },
  "root": "root",
  "version": 7
}
